
Microsoft Visual Studio Solution File, Format Version 12.00
# Visual Studio Version 17
VisualStudioVersion = 17.9.34902.65
MinimumVisualStudioVersion = 10.0.40219.1
Project("{FAE04EC0-301F-11D3-BF4B-00C04F79EFBC}") = "Identity.API", "Identity.API\Identity.API.csproj", "{9373C030-39DE-4DB7-9918-2E4A1699C5AE}"
EndProject
Project("{E53339B2-1760-4266-BCC7-CA923CBCF16C}") = "docker-compose", "docker-compose.dcproj", "{4BFB5002-4B8B-47B0-A3A4-0151244DE548}"
EndProject
Project("{FAE04EC0-301F-11D3-BF4B-00C04F79EFBC}") = "Contracts", "Contracts\Contracts.csproj", "{DDF4CDCD-FF1C-4014-934B-5A5DE75E67AA}"
EndProject
Global
	GlobalSection(SolutionConfigurationPlatforms) = preSolution
		Debug|Any CPU = Debug|Any CPU
		Release|Any CPU = Release|Any CPU
	EndGlobalSection
	GlobalSection(ProjectConfigurationPlatforms) = postSolution
		{9373C030-39DE-4DB7-9918-2E4A1699C5AE}.Debug|Any CPU.ActiveCfg = Debug|Any CPU
		{9373C030-39DE-4DB7-9918-2E4A1699C5AE}.Debug|Any CPU.Build.0 = Debug|Any CPU
		{9373C030-39DE-4DB7-9918-2E4A1699C5AE}.Release|Any CPU.ActiveCfg = Release|Any CPU
		{9373C030-39DE-4DB7-9918-2E4A1699C5AE}.Release|Any CPU.Build.0 = Release|Any CPU
		{4BFB5002-4B8B-47B0-A3A4-0151244DE548}.Debug|Any CPU.ActiveCfg = Debug|Any CPU
		{4BFB5002-4B8B-47B0-A3A4-0151244DE548}.Debug|Any CPU.Build.0 = Debug|Any CPU
		{4BFB5002-4B8B-47B0-A3A4-0151244DE548}.Release|Any CPU.ActiveCfg = Release|Any CPU
		{4BFB5002-4B8B-47B0-A3A4-0151244DE548}.Release|Any CPU.Build.0 = Release|Any CPU
		{DDF4CDCD-FF1C-4014-934B-5A5DE75E67AA}.Debug|Any CPU.ActiveCfg = Debug|Any CPU
		{DDF4CDCD-FF1C-4014-934B-5A5DE75E67AA}.Debug|Any CPU.Build.0 = Debug|Any CPU
		{DDF4CDCD-FF1C-4014-934B-5A5DE75E67AA}.Release|Any CPU.ActiveCfg = Release|Any CPU
		{DDF4CDCD-FF1C-4014-934B-5A5DE75E67AA}.Release|Any CPU.Build.0 = Release|Any CPU
	EndGlobalSection
	GlobalSection(SolutionProperties) = preSolution
		HideSolutionNode = FALSE
	EndGlobalSection
	GlobalSection(ExtensibilityGlobals) = postSolution
		SolutionGuid = {884C462A-FF85-4F65-9768-3B7060FAD3C9}
	EndGlobalSection
EndGlobal
